// !$*UTF8*$!
{
	archiveVersion = 1;
	classes = {
	};
	objectVersion = 56;
	objects = {

/* Begin PBXBuildFile section */
		9C89CE862B4BF02C003BABEB /* AppDelegate.swift in Sources */ = {isa = PBXBuildFile; fileRef = 9C89CE852B4BF02C003BABEB /* AppDelegate.swift */; };
		9C89CE882B4BF02C003BABEB /* SceneDelegate.swift in Sources */ = {isa = PBXBuildFile; fileRef = 9C89CE872B4BF02C003BABEB /* SceneDelegate.swift */; };
		9C89CE8F2B4BF02D003BABEB /* Assets.xcassets in Resources */ = {isa = PBXBuildFile; fileRef = 9C89CE8E2B4BF02D003BABEB /* Assets.xcassets */; };
		9C89CE9A2B4BF07F003BABEB /* RouletteViewController.swift in Sources */ = {isa = PBXBuildFile; fileRef = 9C89CE992B4BF07F003BABEB /* RouletteViewController.swift */; };
		9C89CE9C2B4FA5F8003BABEB /* BetLogic.swift in Sources */ = {isa = PBXBuildFile; fileRef = 9C89CE9B2B4FA5F8003BABEB /* BetLogic.swift */; };
		9C89CEA02B5119F4003BABEB /* chipscasinobet.wav in Resources */ = {isa = PBXBuildFile; fileRef = 9C89CE9F2B5119F4003BABEB /* chipscasinobet.wav */; };
		9CAD2AA92B5BEB5600E148CA /* WheelImageView.swift in Sources */ = {isa = PBXBuildFile; fileRef = 9CAD2AA82B5BEB5600E148CA /* WheelImageView.swift */; };
		9CAD2AAB2B5EA95500E148CA /* Digital Casino Short Roulette Spin.wav in Resources */ = {isa = PBXBuildFile; fileRef = 9CAD2AAA2B5EA95500E148CA /* Digital Casino Short Roulette Spin.wav */; };
/* End PBXBuildFile section */

/* Begin PBXFileReference section */
		9C89CE822B4BF02C003BABEB /* Roulette.app */ = {isa = PBXFileReference; explicitFileType = wrapper.application; includeInIndex = 0; path = Roulette.app; sourceTree = BUILT_PRODUCTS_DIR; };
		9C89CE852B4BF02C003BABEB /* AppDelegate.swift */ = {isa = PBXFileReference; lastKnownFileType = sourcecode.swift; path = AppDelegate.swift; sourceTree = "<group>"; };
		9C89CE872B4BF02C003BABEB /* SceneDelegate.swift */ = {isa = PBXFileReference; lastKnownFileType = sourcecode.swift; path = SceneDelegate.swift; sourceTree = "<group>"; };
		9C89CE8E2B4BF02D003BABEB /* Assets.xcassets */ = {isa = PBXFileReference; lastKnownFileType = folder.assetcatalog; path = Assets.xcassets; sourceTree = "<group>"; };
		9C89CE932B4BF02D003BABEB /* Info.plist */ = {isa = PBXFileReference; lastKnownFileType = text.plist.xml; path = Info.plist; sourceTree = "<group>"; };
		9C89CE992B4BF07F003BABEB /* RouletteViewController.swift */ = {isa = PBXFileReference; lastKnownFileType = sourcecode.swift; path = RouletteViewController.swift; sourceTree = "<group>"; };
		9C89CE9B2B4FA5F8003BABEB /* BetLogic.swift */ = {isa = PBXFileReference; lastKnownFileType = sourcecode.swift; path = BetLogic.swift; sourceTree = "<group>"; };
		9C89CE9F2B5119F4003BABEB /* chipscasinobet.wav */ = {isa = PBXFileReference; lastKnownFileType = audio.wav; path = chipscasinobet.wav; sourceTree = "<group>"; };
		9CAD2AA82B5BEB5600E148CA /* WheelImageView.swift */ = {isa = PBXFileReference; lastKnownFileType = sourcecode.swift; path = WheelImageView.swift; sourceTree = "<group>"; };
		9CAD2AAA2B5EA95500E148CA /* Digital Casino Short Roulette Spin.wav */ = {isa = PBXFileReference; lastKnownFileType = audio.wav; path = "Digital Casino Short Roulette Spin.wav"; sourceTree = "<group>"; };
/* End PBXFileReference section */

/* Begin PBXFrameworksBuildPhase section */
		9C89CE7F2B4BF02C003BABEB /* Frameworks */ = {
			isa = PBXFrameworksBuildPhase;
			buildActionMask = 2147483647;
			files = (
			);
			runOnlyForDeploymentPostprocessing = 0;
		};
/* End PBXFrameworksBuildPhase section */

/* Begin PBXGroup section */
		9C89CE792B4BF02B003BABEB = {
			isa = PBXGroup;
			children = (
				9C89CE842B4BF02C003BABEB /* Roulette */,
				9C89CE832B4BF02C003BABEB /* Products */,
			);
			sourceTree = "<group>";
		};
		9C89CE832B4BF02C003BABEB /* Products */ = {
			isa = PBXGroup;
			children = (
				9C89CE822B4BF02C003BABEB /* Roulette.app */,
			);
			name = Products;
			sourceTree = "<group>";
		};
		9C89CE842B4BF02C003BABEB /* Roulette */ = {
			isa = PBXGroup;
			children = (
				9C89CE852B4BF02C003BABEB /* AppDelegate.swift */,
				9C89CE872B4BF02C003BABEB /* SceneDelegate.swift */,
				9C89CE992B4BF07F003BABEB /* RouletteViewController.swift */,
				9C89CE8E2B4BF02D003BABEB /* Assets.xcassets */,
				9C89CE932B4BF02D003BABEB /* Info.plist */,
				9C89CE9B2B4FA5F8003BABEB /* BetLogic.swift */,
				9CAD2AA82B5BEB5600E148CA /* WheelImageView.swift */,
				9C89CE9F2B5119F4003BABEB /* chipscasinobet.wav */,
				9CAD2AAA2B5EA95500E148CA /* Digital Casino Short Roulette Spin.wav */,
			);
			path = Roulette;
			sourceTree = "<group>";
		};
/* End PBXGroup section */

/* Begin PBXNativeTarget section */
		9C89CE812B4BF02C003BABEB /* Roulette */ = {
			isa = PBXNativeTarget;
			buildConfigurationList = 9C89CE962B4BF02D003BABEB /* Build configuration list for PBXNativeTarget "Roulette" */;
			buildPhases = (
				9C89CE7E2B4BF02C003BABEB /* Sources */,
				9C89CE7F2B4BF02C003BABEB /* Frameworks */,
				9C89CE802B4BF02C003BABEB /* Resources */,
			);
			buildRules = (
			);
			dependencies = (
			);
			name = Roulette;
			productName = Roulette;
			productReference = 9C89CE822B4BF02C003BABEB /* Roulette.app */;
			productType = "com.apple.product-type.application";
		};
/* End PBXNativeTarget section */

/* Begin PBXProject section */
		9C89CE7A2B4BF02B003BABEB /* Project object */ = {
			isa = PBXProject;
			attributes = {
				BuildIndependentTargetsInParallel = 1;
				LastSwiftUpdateCheck = 1500;
				LastUpgradeCheck = 1500;
				TargetAttributes = {
					9C89CE812B4BF02C003BABEB = {
						CreatedOnToolsVersion = 15.0;
					};
				};
			};
			buildConfigurationList = 9C89CE7D2B4BF02B003BABEB /* Build configuration list for PBXProject "Roulette" */;
			compatibilityVersion = "Xcode 14.0";
			developmentRegion = en;
			hasScannedForEncodings = 0;
			knownRegions = (
				en,
				Base,
			);
			mainGroup = 9C89CE792B4BF02B003BABEB;
			productRefGroup = 9C89CE832B4BF02C003BABEB /* Products */;
			projectDirPath = "";
			projectRoot = "";
			targets = (
				9C89CE812B4BF02C003BABEB /* Roulette */,
			);
		};
/* End PBXProject section */

/* Begin PBXResourcesBuildPhase section */
		9C89CE802B4BF02C003BABEB /* Resources */ = {
			isa = PBXResourcesBuildPhase;
			buildActionMask = 2147483647;
			files = (
				9C89CE8F2B4BF02D003BABEB /* Assets.xcassets in Resources */,
				9CAD2AAB2B5EA95500E148CA /* Digital Casino Short Roulette Spin.wav in Resources */,
				9C89CEA02B5119F4003BABEB /* chipscasinobet.wav in Resources */,
			);
			runOnlyForDeploymentPostprocessing = 0;
		};
/* End PBXResourcesBuildPhase section */

/* Begin PBXSourcesBuildPhase section */
		9C89CE7E2B4BF02C003BABEB /* Sources */ = {
			isa = PBXSourcesBuildPhase;
			buildActionMask = 2147483647;
			files = (
				9C89CE862B4BF02C003BABEB /* AppDelegate.swift in Sources */,
				9C89CE882B4BF02C003BABEB /* SceneDelegate.swift in Sources */,
				9C89CE9C2B4FA5F8003BABEB /* BetLogic.swift in Sources */,
				9C89CE9A2B4BF07F003BABEB /* RouletteViewController.swift in Sources */,
				9CAD2AA92B5BEB5600E148CA /* WheelImageView.swift in Sources */,
			);
			runOnlyForDeploymentPostprocessing = 0;
		};
/* End PBXSourcesBuildPhase section */

/* Begin XCBuildConfiguration section */
		9C89CE942B4BF02D003BABEB /* Debug */ = {
			isa = XCBuildConfiguration;
			buildSettings = {
				ALWAYS_SEARCH_USER_PATHS = NO;
				ASSETCATALOG_COMPILER_GENERATE_SWIFT_ASSET_SYMBOL_EXTENSIONS = YES;
				CLANG_ANALYZER_NONNULL = YES;
				CLANG_ANALYZER_NUMBER_OBJECT_CONVERSION = YES_AGGRESSIVE;
				CLANG_CXX_LANGUAGE_STANDARD = "gnu++20";
				CLANG_ENABLE_MODULES = YES;
				CLANG_ENABLE_OBJC_ARC = YES;
				CLANG_ENABLE_OBJC_WEAK = YES;
				CLANG_WARN_BLOCK_CAPTURE_AUTORELEASING = YES;
				CLANG_WARN_BOOL_CONVERSION = YES;
				CLANG_WARN_COMMA = YES;
				CLANG_WARN_CONSTANT_CONVERSION = YES;
				CLANG_WARN_DEPRECATED_OBJC_IMPLEMENTATIONS = YES;
				CLANG_WARN_DIRECT_OBJC_ISA_USAGE = YES_ERROR;
				CLANG_WARN_DOCUMENTATION_COMMENTS = YES;
				CLANG_WARN_EMPTY_BODY = YES;
				CLANG_WARN_ENUM_CONVERSION = YES;
				CLANG_WARN_INFINITE_RECURSION = YES;
				CLANG_WARN_INT_CONVERSION = YES;
				CLANG_WARN_NON_LITERAL_NULL_CONVERSION = YES;
				CLANG_WARN_OBJC_IMPLICIT_RETAIN_SELF = YES;
				CLANG_WARN_OBJC_LITERAL_CONVERSION = YES;
				CLANG_WARN_OBJC_ROOT_CLASS = YES_ERROR;
				CLANG_WARN_QUOTED_INCLUDE_IN_FRAMEWORK_HEADER = YES;
				CLANG_WARN_RANGE_LOOP_ANALYSIS = YES;
				CLANG_WARN_STRICT_PROTOTYPES = YES;
				CLANG_WARN_SUSPICIOUS_MOVE = YES;
				CLANG_WARN_UNGUARDED_AVAILABILITY = YES_AGGRESSIVE;
				CLANG_WARN_UNREACHABLE_CODE = YES;
				CLANG_WARN__DUPLICATE_METHOD_MATCH = YES;
				COPY_PHASE_STRIP = NO;
				DEBUG_INFORMATION_FORMAT = dwarf;
				ENABLE_STRICT_OBJC_MSGSEND = YES;
				ENABLE_TESTABILITY = YES;
				ENABLE_USER_SCRIPT_SANDBOXING = YES;
				GCC_C_LANGUAGE_STANDARD = gnu17;
				GCC_DYNAMIC_NO_PIC = NO;
				GCC_NO_COMMON_BLOCKS = YES;
				GCC_OPTIMIZATION_LEVEL = 0;
				GCC_PREPROCESSOR_DEFINITIONS = (
					"DEBUG=1",
					"$(inherited)",
				);
				GCC_WARN_64_TO_32_BIT_CONVERSION = YES;
				GCC_WARN_ABOUT_RETURN_TYPE = YES_ERROR;
				GCC_WARN_UNDECLARED_SELECTOR = YES;
				GCC_WARN_UNINITIALIZED_AUTOS = YES_AGGRESSIVE;
				GCC_WARN_UNUSED_FUNCTION = YES;
				GCC_WARN_UNUSED_VARIABLE = YES;
				IPHONEOS_DEPLOYMENT_TARGET = 17.0;
				LOCALIZATION_PREFERS_STRING_CATALOGS = YES;
				MTL_ENABLE_DEBUG_INFO = INCLUDE_SOURCE;
				MTL_FAST_MATH = YES;
				ONLY_ACTIVE_ARCH = YES;
				SDKROOT = iphoneos;
				SWIFT_ACTIVE_COMPILATION_CONDITIONS = "DEBUG $(inherited)";
				SWIFT_OPTIMIZATION_LEVEL = "-Onone";
			};
			name = Debug;
		};
		9C89CE952B4BF02D003BABEB /* Release */ = {
			isa = XCBuildConfiguration;
			buildSettings = {
				ALWAYS_SEARCH_USER_PATHS = NO;
				ASSETCATALOG_COMPILER_GENERATE_SWIFT_ASSET_SYMBOL_EXTENSIONS = YES;
				CLANG_ANALYZER_NONNULL = YES;
				CLANG_ANALYZER_NUMBER_OBJECT_CONVERSION = YES_AGGRESSIVE;
				CLANG_CXX_LANGUAGE_STANDARD = "gnu++20";
				CLANG_ENABLE_MODULES = YES;
				CLANG_ENABLE_OBJC_ARC = YES;
				CLANG_ENABLE_OBJC_WEAK = YES;
				CLANG_WARN_BLOCK_CAPTURE_AUTORELEASING = YES;
				CLANG_WARN_BOOL_CONVERSION = YES;
				CLANG_WARN_COMMA = YES;
				CLANG_WARN_CONSTANT_CONVERSION = YES;
				CLANG_WARN_DEPRECATED_OBJC_IMPLEMENTATIONS = YES;
				CLANG_WARN_DIRECT_OBJC_ISA_USAGE = YES_ERROR;
				CLANG_WARN_DOCUMENTATION_COMMENTS = YES;
				CLANG_WARN_EMPTY_BODY = YES;
				CLANG_WARN_ENUM_CONVERSION = YES;
				CLANG_WARN_INFINITE_RECURSION = YES;
				CLANG_WARN_INT_CONVERSION = YES;
				CLANG_WARN_NON_LITERAL_NULL_CONVERSION = YES;
				CLANG_WARN_OBJC_IMPLICIT_RETAIN_SELF = YES;
				CLANG_WARN_OBJC_LITERAL_CONVERSION = YES;
				CLANG_WARN_OBJC_ROOT_CLASS = YES_ERROR;
				CLANG_WARN_QUOTED_INCLUDE_IN_FRAMEWORK_HEADER = YES;
				CLANG_WARN_RANGE_LOOP_ANALYSIS = YES;
				CLANG_WARN_STRICT_PROTOTYPES = YES;
				CLANG_WARN_SUSPICIOUS_MOVE = YES;
				CLANG_WARN_UNGUARDED_AVAILABILITY = YES_AGGRESSIVE;
				CLANG_WARN_UNREACHABLE_CODE = YES;
				CLANG_WARN__DUPLICATE_METHOD_MATCH = YES;
				COPY_PHASE_STRIP = NO;
				DEBUG_INFORMATION_FORMAT = "dwarf-with-dsym";
				ENABLE_NS_ASSERTIONS = NO;
				ENABLE_STRICT_OBJC_MSGSEND = YES;
				ENABLE_USER_SCRIPT_SANDBOXING = YES;
				GCC_C_LANGUAGE_STANDARD = gnu17;
				GCC_NO_COMMON_BLOCKS = YES;
				GCC_WARN_64_TO_32_BIT_CONVERSION = YES;
				GCC_WARN_ABOUT_RETURN_TYPE = YES_ERROR;
				GCC_WARN_UNDECLARED_SELECTOR = YES;
				GCC_WARN_UNINITIALIZED_AUTOS = YES_AGGRESSIVE;
				GCC_WARN_UNUSED_FUNCTION = YES;
				GCC_WARN_UNUSED_VARIABLE = YES;
				IPHONEOS_DEPLOYMENT_TARGET = 17.0;
				LOCALIZATION_PREFERS_STRING_CATALOGS = YES;
				MTL_ENABLE_DEBUG_INFO = NO;
				MTL_FAST_MATH = YES;
				SDKROOT = iphoneos;
				SWIFT_COMPILATION_MODE = wholemodule;
				VALIDATE_PRODUCT = YES;
			};
			name = Release;
		};
		9C89CE972B4BF02D003BABEB /* Debug */ = {
			isa = XCBuildConfiguration;
			buildSettings = {
				ASSETCATALOG_COMPILER_APPICON_NAME = AppIcon;
				ASSETCATALOG_COMPILER_GLOBAL_ACCENT_COLOR_NAME = AccentColor;
				CODE_SIGN_STYLE = Automatic;
				CURRENT_PROJECT_VERSION = 1;
				DEVELOPMENT_TEAM = NJPBU9N55Q;
				GENERATE_INFOPLIST_FILE = YES;
				INFOPLIST_FILE = Roulette/Info.plist;
				INFOPLIST_KEY_UIApplicationSupportsIndirectInputEvents = YES;
				INFOPLIST_KEY_UILaunchStoryboardName = RouletteViewController;
				INFOPLIST_KEY_UIRequiresFullScreen = NO;
				INFOPLIST_KEY_UISupportedInterfaceOrientations = UIInterfaceOrientationPortrait;
				INFOPLIST_KEY_UISupportedInterfaceOrientations_iPad = "UIInterfaceOrientationLandscapeLeft UIInterfaceOrientationLandscapeRight UIInterfaceOrientationPortrait UIInterfaceOrientationPortraitUpsideDown";
				LD_RUNPATH_SEARCH_PATHS = (
					"$(inherited)",
					"@executable_path/Frameworks",
				);
				MARKETING_VERSION = 1.0;
				PRODUCT_BUNDLE_IDENTIFIER = Demo.Roulette;
				PRODUCT_NAME = "$(TARGET_NAME)";
				SWIFT_EMIT_LOC_STRINGS = YES;
				SWIFT_VERSION = 5.0;
				TARGETED_DEVICE_FAMILY = "1,2";
			};
			name = Debug;
		};
		9C89CE982B4BF02D003BABEB /* Release */ = {
			isa = XCBuildConfiguration;
			buildSettings = {
				ASSETCATALOG_COMPILER_APPICON_NAME = AppIcon;
				ASSETCATALOG_COMPILER_GLOBAL_ACCENT_COLOR_NAME = AccentColor;
				CODE_SIGN_STYLE = Automatic;
				CURRENT_PROJECT_VERSION = 1;
				DEVELOPMENT_TEAM = NJPBU9N55Q;
				GENERATE_INFOPLIST_FILE = YES;
				INFOPLIST_FILE = Roulette/Info.plist;
				INFOPLIST_KEY_UIApplicationSupportsIndirectInputEvents = YES;
				INFOPLIST_KEY_UILaunchStoryboardName = RouletteViewController;
				INFOPLIST_KEY_UIRequiresFullScreen = NO;
				INFOPLIST_KEY_UISupportedInterfaceOrientations = UIInterfaceOrientationPortrait;
				INFOPLIST_KEY_UISupportedInterfaceOrientations_iPad = "UIInterfaceOrientationLandscapeLeft UIInterfaceOrientationLandscapeRight UIInterfaceOrientationPortrait UIInterfaceOrientationPortraitUpsideDown";
				LD_RUNPATH_SEARCH_PATHS = (
					"$(inherited)",
					"@executable_path/Frameworks",
				);
				MARKETING_VERSION = 1.0;
				PRODUCT_BUNDLE_IDENTIFIER = Demo.Roulette;
				PRODUCT_NAME = "$(TARGET_NAME)";
				SWIFT_EMIT_LOC_STRINGS = YES;
				SWIFT_VERSION = 5.0;
				TARGETED_DEVICE_FAMILY = "1,2";
			};
			name = Release;
		};
/* End XCBuildConfiguration section */

/* Begin XCConfigurationList section */
		9C89CE7D2B4BF02B003BABEB /* Build configuration list for PBXProject "Roulette" */ = {
			isa = XCConfigurationList;
			buildConfigurations = (
				9C89CE942B4BF02D003BABEB /* Debug */,
				9C89CE952B4BF02D003BABEB /* Release */,
			);
			defaultConfigurationIsVisible = 0;
			defaultConfigurationName = Release;
		};
		9C89CE962B4BF02D003BABEB /* Build configuration list for PBXNativeTarget "Roulette" */ = {
			isa = XCConfigurationList;
			buildConfigurations = (
				9C89CE972B4BF02D003BABEB /* Debug */,
				9C89CE982B4BF02D003BABEB /* Release */,
			);
			defaultConfigurationIsVisible = 0;
			defaultConfigurationName = Release;
		};
/* End XCConfigurationList section */
	};
	rootObject = 9C89CE7A2B4BF02B003BABEB /* Project object */;
}
